
Microsoft Visual Studio Solution File, Format Version 12.00
# Visual Studio Version 16
VisualStudioVersion = 16.0.31410.357
MinimumVisualStudioVersion = 10.0.40219.1
Project("{FAE04EC0-301F-11D3-BF4B-00C04F79EFBC}") = "BookStoreSample", "BookStoreSample\BookStoreSample.csproj", "{37CAB6C3-6865-465E-A94E-7363DFCB337C}"
EndProject
Global
	GlobalSection(SolutionConfigurationPlatforms) = preSolution
		Debug|Any CPU = Debug|Any CPU
		Release|Any CPU = Release|Any CPU
	EndGlobalSection
	GlobalSection(ProjectConfigurationPlatforms) = postSolution
		{37CAB6C3-6865-465E-A94E-7363DFCB337C}.Debug|Any CPU.ActiveCfg = Debug|Any CPU
		{37CAB6C3-6865-465E-A94E-7363DFCB337C}.Debug|Any CPU.Build.0 = Debug|Any CPU
		{37CAB6C3-6865-465E-A94E-7363DFCB337C}.Release|Any CPU.ActiveCfg = Release|Any CPU
		{37CAB6C3-6865-465E-A94E-7363DFCB337C}.Release|Any CPU.Build.0 = Release|Any CPU
	EndGlobalSection
	GlobalSection(SolutionProperties) = preSolution
		HideSolutionNode = FALSE
	EndGlobalSection
	GlobalSection(ExtensibilityGlobals) = postSolution
		SolutionGuid = {6B1DB1E2-8A6A-4147-8D83-95006A3FBBFD}
	EndGlobalSection
EndGlobal
